{
  "projects": [
    {
      "projectId": "7nJ7UcFmq9UzB6eXfC5z4a",
      "version": "0.26.0",
      "dependencies": {},
      "lang": "ts",
      "fileLocks": [
        {
          "assetId": "7nJ7UcFmq9UzB6eXfC5z4a",
          "type": "projectCss",
          "checksum": "05587b57f22f0ec8bb54543deb39762e"
        }
      ],
      "codegenVersion": "0.0.1"
    },
    {
      "projectId": "rLycm7fJPyjpC5eVgPhFFv",
      "version": "latest",
      "dependencies": {
        "7nJ7UcFmq9UzB6eXfC5z4a": "0.26.0"
      },
      "lang": "ts",
      "fileLocks": [
        {
          "type": "globalVariant",
          "assetId": "qqPMw8o9H4jqN",
          "checksum": "8ace879eef3a83cc62c6faa07ff854f5"
        },
        {
          "type": "globalVariant",
          "assetId": "mTgdq1BJvl",
          "checksum": "1589b3a300f02fbcf9215bb8280b9914"
        },
        {
          "type": "renderModule",
          "assetId": "OeFBFuO34W6D",
          "checksum": "af535c05256e5235e7ee31ee1ea7ebc7"
        },
        {
          "type": "cssRules",
          "assetId": "OeFBFuO34W6D",
          "checksum": "af535c05256e5235e7ee31ee1ea7ebc7"
        },
        {
          "type": "renderModule",
          "assetId": "2E9DZPjHuax",
          "checksum": "98fbe1839aad4bb4b2e2a6c78146ddd9"
        },
        {
          "type": "cssRules",
          "assetId": "2E9DZPjHuax",
          "checksum": "98fbe1839aad4bb4b2e2a6c78146ddd9"
        },
        {
          "type": "renderModule",
          "assetId": "hDCtDazGctA",
          "checksum": "cef42a5db69ed338c6edffc16b4faf69"
        },
        {
          "type": "cssRules",
          "assetId": "hDCtDazGctA",
          "checksum": "cef42a5db69ed338c6edffc16b4faf69"
        },
        {
          "type": "renderModule",
          "assetId": "kLiRdGmg5zv",
          "checksum": "0f3401b02c9d5cc8feb628111253007c"
        },
        {
          "type": "cssRules",
          "assetId": "kLiRdGmg5zv",
          "checksum": "0f3401b02c9d5cc8feb628111253007c"
        },
        {
          "type": "renderModule",
          "assetId": "DVQmJDwc4r",
          "checksum": "ce678eb88106f1da3add4af5f1054707"
        },
        {
          "type": "cssRules",
          "assetId": "DVQmJDwc4r",
          "checksum": "ce678eb88106f1da3add4af5f1054707"
        },
        {
          "type": "renderModule",
          "assetId": "LRxRpZH-jJ",
          "checksum": "3311ddb4b0fb95bc31e71f04f11492d1"
        },
        {
          "type": "cssRules",
          "assetId": "LRxRpZH-jJ",
          "checksum": "3311ddb4b0fb95bc31e71f04f11492d1"
        },
        {
          "type": "renderModule",
          "assetId": "KZiUfPVLwuq",
          "checksum": "7443904b963782232083632d8fdb698b"
        },
        {
          "type": "cssRules",
          "assetId": "KZiUfPVLwuq",
          "checksum": "7443904b963782232083632d8fdb698b"
        },
        {
          "type": "renderModule",
          "assetId": "BmAm7vNSRg",
          "checksum": "5f9bb34d2214fc07babbc9c2b4b81c46"
        },
        {
          "type": "cssRules",
          "assetId": "BmAm7vNSRg",
          "checksum": "5f9bb34d2214fc07babbc9c2b4b81c46"
        },
        {
          "type": "renderModule",
          "assetId": "_B4LOOIRh-",
          "checksum": "c7e3eb1c698c3e2125ced995ca257409"
        },
        {
          "type": "cssRules",
          "assetId": "_B4LOOIRh-",
          "checksum": "c7e3eb1c698c3e2125ced995ca257409"
        },
        {
          "type": "renderModule",
          "assetId": "lTFHprYmdK",
          "checksum": "723f66abb42179527cdd997f8bacf485"
        },
        {
          "type": "cssRules",
          "assetId": "lTFHprYmdK",
          "checksum": "723f66abb42179527cdd997f8bacf485"
        },
        {
          "type": "renderModule",
          "assetId": "QshPVMO6JzXS",
          "checksum": "ffff67bb8ba522ee22f599c7214903e8"
        },
        {
          "type": "cssRules",
          "assetId": "QshPVMO6JzXS",
          "checksum": "ffff67bb8ba522ee22f599c7214903e8"
        },
        {
          "type": "renderModule",
          "assetId": "c46YdyjyLhye",
          "checksum": "2a8d92923af4f663575b6dc416584552"
        },
        {
          "type": "cssRules",
          "assetId": "c46YdyjyLhye",
          "checksum": "2a8d92923af4f663575b6dc416584552"
        },
        {
          "type": "icon",
          "assetId": "rfyvLwXz3cm",
          "checksum": "6337f74bc3f07026fd04a0f932c18b80"
        },
        {
          "type": "icon",
          "assetId": "ZJynSTynHR8",
          "checksum": "4630199fbc8b00ff1e0f763f0fd9e38b"
        },
        {
          "type": "icon",
          "assetId": "HpWGKnw3ZpM",
          "checksum": "d6854685b88acb382c6ecc344a35a681"
        },
        {
          "type": "image",
          "assetId": "zlLgLB3Sv3",
          "checksum": "063b88ae192eb6b3ee819e1e55964c9e"
        },
        {
          "type": "image",
          "assetId": "jCxhZrc73",
          "checksum": "ac2ad1f2c9db71bd4a8dfd78466b23e2"
        },
        {
          "type": "image",
          "assetId": "tXAMiKVlyi",
          "checksum": "0fa2866e4c14e123f3f887e18d6074bf"
        },
        {
          "type": "image",
          "assetId": "ihHjy4_vqV",
          "checksum": "394aca0add27098ab1d634332f8af98a"
        },
        {
          "type": "image",
          "assetId": "bmCm4rewM",
          "checksum": "2b9323314df3daa1d17dc6c36550ccf7"
        },
        {
          "type": "image",
          "assetId": "8_TeOkyxoG",
          "checksum": "7618d743dbac7ee3ef2189230ec21ed6"
        },
        {
          "type": "image",
          "assetId": "u_D6f1CQZT",
          "checksum": "82c0794666d0adc4f28ca3346efb355c"
        },
        {
          "type": "image",
          "assetId": "hRR7uCvN-",
          "checksum": "6f7d8f4dc03681ae5f000a710eca02fb"
        },
        {
          "type": "image",
          "assetId": "ixEIeoCgeL",
          "checksum": "61051a05e6468c3d553e4ce2bd269c1f"
        },
        {
          "type": "image",
          "assetId": "0KrgU3Mi92",
          "checksum": "994713b2504d026bbbff8b219171d2c8"
        },
        {
          "type": "image",
          "assetId": "KSXCqhWDFV",
          "checksum": "c8dc31212bc503fd8fca5f214979ef80"
        },
        {
          "type": "image",
          "assetId": "npCSCuNbgB",
          "checksum": "caf73759300d3362f0ae1bf95614cefa"
        },
        {
          "type": "image",
          "assetId": "eXS252xaOC",
          "checksum": "aa22d5913ea372a9f6f622347ff12710"
        },
        {
          "type": "image",
          "assetId": "eI-UPCMHc",
          "checksum": "073d191d7b7b92200e74936d1462bb8b"
        },
        {
          "type": "image",
          "assetId": "2s7QL3XV_",
          "checksum": "2391d225d92b0737feefb119788a7a77"
        },
        {
          "type": "image",
          "assetId": "Y2WYo_Jdy",
          "checksum": "b70f9872c36e0ac41b6e090c90de22f9"
        },
        {
          "type": "image",
          "assetId": "r4wFoj2oH",
          "checksum": "6a4591dc6384e9cdb29e1310b7d9d24e"
        },
        {
          "type": "image",
          "assetId": "VQPdsxeqBz",
          "checksum": "d426969648e7a5a16134bcc306546ac4"
        },
        {
          "type": "image",
          "assetId": "2RuxTmbA8bMY",
          "checksum": "0efa9f959471524cd3a141db64da459d"
        },
        {
          "type": "image",
          "assetId": "CWf92_XqyAxZ",
          "checksum": "583b3e709c217486279b97e7e46a29a4"
        },
        {
          "type": "image",
          "assetId": "0ekVVeut_Vg1",
          "checksum": "4e85e1cbeff50d956905751c6d4db35d"
        },
        {
          "type": "image",
          "assetId": "efWdCOIbiehO",
          "checksum": "576f487105314978be60bfbb0db4cbee"
        },
        {
          "type": "image",
          "assetId": "wBOWZdFI8RHD",
          "checksum": "4a9963d219f9b26b0cfa424e86488dda"
        },
        {
          "type": "image",
          "assetId": "E5vyWj2ESOAF",
          "checksum": "4bd28da3ccc8d86dd7487818f45b5e9a"
        },
        {
          "type": "image",
          "assetId": "aJPNu5PM2Jtu",
          "checksum": "b91569ed653ff44185b9c883daafa94b"
        },
        {
          "type": "image",
          "assetId": "lJ5F7cLVb1Bp",
          "checksum": "c58e4977334ea313d3dbe9d018b5a030"
        },
        {
          "type": "image",
          "assetId": "AMYDZBeGdoio",
          "checksum": "c86a263f9b2cdf8922fb444d3d983e9b"
        },
        {
          "type": "image",
          "assetId": "Gxa6vv2VNt-I",
          "checksum": "7947beb4ebcb7925e1876c6c1295bc19"
        },
        {
          "type": "image",
          "assetId": "SWhziLIB6s50",
          "checksum": "867ffa3bf406b471676b7d6d65656276"
        },
        {
          "type": "image",
          "assetId": "K9BhgO2PBwIZ",
          "checksum": "a3d4a42e5f4bfa99bac98f9b5c8b10b0"
        },
        {
          "assetId": "rLycm7fJPyjpC5eVgPhFFv",
          "type": "projectCss",
          "checksum": "18679e1c06c46430929074d2f2c32f99"
        }
      ],
      "codegenVersion": "0.0.1"
    }
  ],
  "cliVersion": "0.1.327"
}
