{
  "projects": [
    {
      "projectId": "rLycm7fJPyjpC5eVgPhFFv",
      "version": "latest",
      "dependencies": {
        "7nJ7UcFmq9UzB6eXfC5z4a": "0.17.0"
      },
      "lang": "ts",
      "fileLocks": [
        {
          "type": "globalVariant",
          "assetId": "qqPMw8o9H4jqN",
          "checksum": "a869a6dc2deeecbc4808cf23d87e8de6"
        },
        {
          "type": "renderModule",
          "assetId": "kLiRdGmg5zv",
          "checksum": "161c510d6e1eb3f327c4f975aac3bc45"
        },
        {
          "type": "cssRules",
          "assetId": "kLiRdGmg5zv",
          "checksum": "161c510d6e1eb3f327c4f975aac3bc45"
        },
        {
          "type": "renderModule",
          "assetId": "DVQmJDwc4r",
          "checksum": "626155103ec82739cd4bb7306fd7c419"
        },
        {
          "type": "cssRules",
          "assetId": "DVQmJDwc4r",
          "checksum": "626155103ec82739cd4bb7306fd7c419"
        },
        {
          "type": "renderModule",
          "assetId": "LRxRpZH-jJ",
          "checksum": "7ac98e1bced38e72ec57af9a116aa1b6"
        },
        {
          "type": "cssRules",
          "assetId": "LRxRpZH-jJ",
          "checksum": "7ac98e1bced38e72ec57af9a116aa1b6"
        },
        {
          "type": "renderModule",
          "assetId": "KZiUfPVLwuq",
          "checksum": "33456321e5b43da24bf49f066194bb26"
        },
        {
          "type": "cssRules",
          "assetId": "KZiUfPVLwuq",
          "checksum": "33456321e5b43da24bf49f066194bb26"
        },
        {
          "type": "icon",
          "assetId": "rfyvLwXz3cm",
          "checksum": "6337f74bc3f07026fd04a0f932c18b80"
        },
        {
          "type": "icon",
          "assetId": "ZJynSTynHR8",
          "checksum": "4630199fbc8b00ff1e0f763f0fd9e38b"
        },
        {
          "type": "icon",
          "assetId": "HpWGKnw3ZpM",
          "checksum": "d6854685b88acb382c6ecc344a35a681"
        },
        {
          "type": "image",
          "assetId": "zlLgLB3Sv3",
          "checksum": "063b88ae192eb6b3ee819e1e55964c9e"
        },
        {
          "type": "image",
          "assetId": "jCxhZrc73",
          "checksum": "ac2ad1f2c9db71bd4a8dfd78466b23e2"
        },
        {
          "type": "image",
          "assetId": "tXAMiKVlyi",
          "checksum": "0fa2866e4c14e123f3f887e18d6074bf"
        },
        {
          "type": "image",
          "assetId": "ihHjy4_vqV",
          "checksum": "394aca0add27098ab1d634332f8af98a"
        },
        {
          "type": "image",
          "assetId": "bmCm4rewM",
          "checksum": "2b9323314df3daa1d17dc6c36550ccf7"
        },
        {
          "type": "renderModule",
          "assetId": "BmAm7vNSRg",
          "checksum": "04f641133ff2bd081e88326356b85209"
        },
        {
          "type": "cssRules",
          "assetId": "BmAm7vNSRg",
          "checksum": "04f641133ff2bd081e88326356b85209"
        },
        {
          "type": "image",
          "assetId": "8_TeOkyxoG",
          "checksum": "7618d743dbac7ee3ef2189230ec21ed6"
        },
        {
          "type": "image",
          "assetId": "u_D6f1CQZT",
          "checksum": "82c0794666d0adc4f28ca3346efb355c"
        },
        {
          "type": "image",
          "assetId": "hRR7uCvN-",
          "checksum": "6f7d8f4dc03681ae5f000a710eca02fb"
        },
        {
          "type": "image",
          "assetId": "ixEIeoCgeL",
          "checksum": "61051a05e6468c3d553e4ce2bd269c1f"
        },
        {
          "type": "image",
          "assetId": "0KrgU3Mi92",
          "checksum": "994713b2504d026bbbff8b219171d2c8"
        },
        {
          "type": "image",
          "assetId": "KSXCqhWDFV",
          "checksum": "c8dc31212bc503fd8fca5f214979ef80"
        },
        {
          "type": "image",
          "assetId": "npCSCuNbgB",
          "checksum": "caf73759300d3362f0ae1bf95614cefa"
        },
        {
          "type": "image",
          "assetId": "eXS252xaOC",
          "checksum": "aa22d5913ea372a9f6f622347ff12710"
        },
        {
          "type": "image",
          "assetId": "eI-UPCMHc",
          "checksum": "073d191d7b7b92200e74936d1462bb8b"
        },
        {
          "type": "image",
          "assetId": "2s7QL3XV_",
          "checksum": "2391d225d92b0737feefb119788a7a77"
        },
        {
          "type": "image",
          "assetId": "Y2WYo_Jdy",
          "checksum": "b70f9872c36e0ac41b6e090c90de22f9"
        },
        {
          "type": "image",
          "assetId": "r4wFoj2oH",
          "checksum": "6a4591dc6384e9cdb29e1310b7d9d24e"
        },
        {
          "type": "image",
          "assetId": "VQPdsxeqBz",
          "checksum": "d426969648e7a5a16134bcc306546ac4"
        },
        {
          "assetId": "rLycm7fJPyjpC5eVgPhFFv",
          "type": "projectCss",
          "checksum": "ec69cf40bf3723925144b63430e87af7"
        },
        {
          "type": "renderModule",
          "assetId": "OeFBFuO34W6D",
          "checksum": "fbacb2d87908a63c118e3b5bed867332"
        },
        {
          "type": "cssRules",
          "assetId": "OeFBFuO34W6D",
          "checksum": "fbacb2d87908a63c118e3b5bed867332"
        },
        {
          "type": "renderModule",
          "assetId": "2E9DZPjHuax",
          "checksum": "9e785f3d3c932ab739a5469a84977fda"
        },
        {
          "type": "cssRules",
          "assetId": "2E9DZPjHuax",
          "checksum": "9e785f3d3c932ab739a5469a84977fda"
        },
        {
          "type": "renderModule",
          "assetId": "hDCtDazGctA",
          "checksum": "617ce376a06f4cf6063d973925fcb358"
        },
        {
          "type": "cssRules",
          "assetId": "hDCtDazGctA",
          "checksum": "617ce376a06f4cf6063d973925fcb358"
        },
        {
          "type": "renderModule",
          "assetId": "_B4LOOIRh-",
          "checksum": "baf908b90fe6d1eee95c22bdc2e29836"
        },
        {
          "type": "cssRules",
          "assetId": "_B4LOOIRh-",
          "checksum": "baf908b90fe6d1eee95c22bdc2e29836"
        }
      ],
      "codegenVersion": "0.0.1"
    },
    {
      "projectId": "7nJ7UcFmq9UzB6eXfC5z4a",
      "version": "0.17.0",
      "dependencies": {},
      "lang": "ts",
      "fileLocks": [
        {
          "assetId": "7nJ7UcFmq9UzB6eXfC5z4a",
          "type": "projectCss",
          "checksum": "05587b57f22f0ec8bb54543deb39762e"
        }
      ],
      "codegenVersion": "0.0.1"
    }
  ],
  "cliVersion": "0.1.285"
}
